// !$*UTF8*$!
{
	archiveVersion = 1;
	classes = {
	};
	objectVersion = 46;
	objects = {

/* Begin PBXBuildFile section */
		8BC2AD3B1DB190A8008647D2 /* AppDelegate.swift in Sources */ = {isa = PBXBuildFile; fileRef = 8BC2AD3A1DB190A8008647D2 /* AppDelegate.swift */; };
		8BC2AD3D1DB190A8008647D2 /* ViewController.swift in Sources */ = {isa = PBXBuildFile; fileRef = 8BC2AD3C1DB190A8008647D2 /* ViewController.swift */; };
		8BC2AD401DB190A8008647D2 /* Main.storyboard in Resources */ = {isa = PBXBuildFile; fileRef = 8BC2AD3E1DB190A8008647D2 /* Main.storyboard */; };
		8BC2AD421DB190A8008647D2 /* Assets.xcassets in Resources */ = {isa = PBXBuildFile; fileRef = 8BC2AD411DB190A8008647D2 /* Assets.xcassets */; };
		8BC2AD451DB190A8008647D2 /* LaunchScreen.storyboard in Resources */ = {isa = PBXBuildFile; fileRef = 8BC2AD431DB190A8008647D2 /* LaunchScreen.storyboard */; };
		8BC2AD4E1DB19602008647D2 /* MapKit.framework in Frameworks */ = {isa = PBXBuildFile; fileRef = 8BC2AD4D1DB19602008647D2 /* MapKit.framework */; };
/* End PBXBuildFile section */

/* Begin PBXFileReference section */
		8BC2AD371DB190A8008647D2 /* FoursquareAPI Nearest Places.app */ = {isa = PBXFileReference; explicitFileType = wrapper.application; includeInIndex = 0; path = "FoursquareAPI Nearest Places.app"; sourceTree = BUILT_PRODUCTS_DIR; };
		8BC2AD3A1DB190A8008647D2 /* AppDelegate.swift */ = {isa = PBXFileReference; lastKnownFileType = sourcecode.swift; path = AppDelegate.swift; sourceTree = "<group>"; };
		8BC2AD3C1DB190A8008647D2 /* ViewController.swift */ = {isa = PBXFileReference; lastKnownFileType = sourcecode.swift; path = ViewController.swift; sourceTree = "<group>"; };
		8BC2AD3F1DB190A8008647D2 /* Base */ = {isa = PBXFileReference; lastKnownFileType = file.storyboard; name = Base; path = Base.lproj/Main.storyboard; sourceTree = "<group>"; };
		8BC2AD411DB190A8008647D2 /* Assets.xcassets */ = {isa = PBXFileReference; lastKnownFileType = folder.assetcatalog; path = Assets.xcassets; sourceTree = "<group>"; };
		8BC2AD441DB190A8008647D2 /* Base */ = {isa = PBXFileReference; lastKnownFileType = file.storyboard; name = Base; path = Base.lproj/LaunchScreen.storyboard; sourceTree = "<group>"; };
		8BC2AD461DB190A8008647D2 /* Info.plist */ = {isa = PBXFileReference; lastKnownFileType = text.plist.xml; path = Info.plist; sourceTree = "<group>"; };
		8BC2AD4D1DB19602008647D2 /* MapKit.framework */ = {isa = PBXFileReference; lastKnownFileType = wrapper.framework; name = MapKit.framework; path = System/Library/Frameworks/MapKit.framework; sourceTree = SDKROOT; };
/* End PBXFileReference section */

/* Begin PBXFrameworksBuildPhase section */
		8BC2AD341DB190A8008647D2 /* Frameworks */ = {
			isa = PBXFrameworksBuildPhase;
			buildActionMask = 2147483647;
			files = (
				8BC2AD4E1DB19602008647D2 /* MapKit.framework in Frameworks */,
			);
			runOnlyForDeploymentPostprocessing = 0;
		};
/* End PBXFrameworksBuildPhase section */

/* Begin PBXGroup section */
		8BC2AD2E1DB190A8008647D2 = {
			isa = PBXGroup;
			children = (
				8BC2AD391DB190A8008647D2 /* FoursquareAPI Nearest Places */,
				8BC2AD381DB190A8008647D2 /* Products */,
				8BC2AD4C1DB19602008647D2 /* Frameworks */,
			);
			sourceTree = "<group>";
		};
		8BC2AD381DB190A8008647D2 /* Products */ = {
			isa = PBXGroup;
			children = (
				8BC2AD371DB190A8008647D2 /* FoursquareAPI Nearest Places.app */,
			);
			name = Products;
			sourceTree = "<group>";
		};
		8BC2AD391DB190A8008647D2 /* FoursquareAPI Nearest Places */ = {
			isa = PBXGroup;
			children = (
				8BC2AD3A1DB190A8008647D2 /* AppDelegate.swift */,
				8BC2AD3C1DB190A8008647D2 /* ViewController.swift */,
				8BC2AD3E1DB190A8008647D2 /* Main.storyboard */,
				8BC2AD411DB190A8008647D2 /* Assets.xcassets */,
				8BC2AD431DB190A8008647D2 /* LaunchScreen.storyboard */,
				8BC2AD461DB190A8008647D2 /* Info.plist */,
			);
			path = "FoursquareAPI Nearest Places";
			sourceTree = "<group>";
		};
		8BC2AD4C1DB19602008647D2 /* Frameworks */ = {
			isa = PBXGroup;
			children = (
				8BC2AD4D1DB19602008647D2 /* MapKit.framework */,
			);
			name = Frameworks;
			sourceTree = "<group>";
		};
/* End PBXGroup section */

/* Begin PBXNativeTarget section */
		8BC2AD361DB190A8008647D2 /* FoursquareAPI Nearest Places */ = {
			isa = PBXNativeTarget;
			buildConfigurationList = 8BC2AD491DB190A8008647D2 /* Build configuration list for PBXNativeTarget "FoursquareAPI Nearest Places" */;
			buildPhases = (
				8BC2AD331DB190A8008647D2 /* Sources */,
				8BC2AD341DB190A8008647D2 /* Frameworks */,
				8BC2AD351DB190A8008647D2 /* Resources */,
			);
			buildRules = (
			);
			dependencies = (
			);
			name = "FoursquareAPI Nearest Places";
			productName = "FoursquareAPI Nearest Places";
			productReference = 8BC2AD371DB190A8008647D2 /* FoursquareAPI Nearest Places.app */;
			productType = "com.apple.product-type.application";
		};
/* End PBXNativeTarget section */

/* Begin PBXProject section */
		8BC2AD2F1DB190A8008647D2 /* Project object */ = {
			isa = PBXProject;
			attributes = {
				LastSwiftUpdateCheck = 0800;
				LastUpgradeCheck = 0800;
				ORGANIZATIONNAME = Odat;
				TargetAttributes = {
					8BC2AD361DB190A8008647D2 = {
						CreatedOnToolsVersion = 8.0;
						ProvisioningStyle = Automatic;
					};
				};
			};
			buildConfigurationList = 8BC2AD321DB190A8008647D2 /* Build configuration list for PBXProject "FoursquareAPI Nearest Places" */;
			compatibilityVersion = "Xcode 3.2";
			developmentRegion = English;
			hasScannedForEncodings = 0;
			knownRegions = (
				en,
				Base,
			);
			mainGroup = 8BC2AD2E1DB190A8008647D2;
			productRefGroup = 8BC2AD381DB190A8008647D2 /* Products */;
			projectDirPath = "";
			projectRoot = "";
			targets = (
				8BC2AD361DB190A8008647D2 /* FoursquareAPI Nearest Places */,
			);
		};
/* End PBXProject section */

/* Begin PBXResourcesBuildPhase section */
		8BC2AD351DB190A8008647D2 /* Resources */ = {
			isa = PBXResourcesBuildPhase;
			buildActionMask = 2147483647;
			files = (
				8BC2AD451DB190A8008647D2 /* LaunchScreen.storyboard in Resources */,
				8BC2AD421DB190A8008647D2 /* Assets.xcassets in Resources */,
				8BC2AD401DB190A8008647D2 /* Main.storyboard in Resources */,
			);
			runOnlyForDeploymentPostprocessing = 0;
		};
/* End PBXResourcesBuildPhase section */

/* Begin PBXSourcesBuildPhase section */
		8BC2AD331DB190A8008647D2 /* Sources */ = {
			isa = PBXSourcesBuildPhase;
			buildActionMask = 2147483647;
			files = (
				8BC2AD3D1DB190A8008647D2 /* ViewController.swift in Sources */,
				8BC2AD3B1DB190A8008647D2 /* AppDelegate.swift in Sources */,
			);
			runOnlyForDeploymentPostprocessing = 0;
		};
/* End PBXSourcesBuildPhase section */

/* Begin PBXVariantGroup section */
		8BC2AD3E1DB190A8008647D2 /* Main.storyboard */ = {
			isa = PBXVariantGroup;
			children = (
				8BC2AD3F1DB190A8008647D2 /* Base */,
			);
			name = Main.storyboard;
			sourceTree = "<group>";
		};
		8BC2AD431DB190A8008647D2 /* LaunchScreen.storyboard */ = {
			isa = PBXVariantGroup;
			children = (
				8BC2AD441DB190A8008647D2 /* Base */,
			);
			name = LaunchScreen.storyboard;
			sourceTree = "<group>";
		};
/* End PBXVariantGroup section */

/* Begin XCBuildConfiguration section */
		8BC2AD471DB190A8008647D2 /* Debug */ = {
			isa = XCBuildConfiguration;
			buildSettings = {
				ALWAYS_SEARCH_USER_PATHS = NO;
				CLANG_ANALYZER_NONNULL = YES;
				CLANG_CXX_LANGUAGE_STANDARD = "gnu++0x";
				CLANG_CXX_LIBRARY = "libc++";
				CLANG_ENABLE_MODULES = YES;
				CLANG_ENABLE_OBJC_ARC = YES;
				CLANG_WARN_BOOL_CONVERSION = YES;
				CLANG_WARN_CONSTANT_CONVERSION = YES;
				CLANG_WARN_DIRECT_OBJC_ISA_USAGE = YES_ERROR;
				CLANG_WARN_DOCUMENTATION_COMMENTS = YES;
				CLANG_WARN_EMPTY_BODY = YES;
				CLANG_WARN_ENUM_CONVERSION = YES;
				CLANG_WARN_INFINITE_RECURSION = YES;
				CLANG_WARN_INT_CONVERSION = YES;
				CLANG_WARN_OBJC_ROOT_CLASS = YES_ERROR;
				CLANG_WARN_SUSPICIOUS_MOVES = YES;
				CLANG_WARN_UNREACHABLE_CODE = YES;
				CLANG_WARN__DUPLICATE_METHOD_MATCH = YES;
				"CODE_SIGN_IDENTITY[sdk=iphoneos*]" = "iPhone Developer";
				COPY_PHASE_STRIP = NO;
				DEBUG_INFORMATION_FORMAT = dwarf;
				ENABLE_STRICT_OBJC_MSGSEND = YES;
				ENABLE_TESTABILITY = YES;
				GCC_C_LANGUAGE_STANDARD = gnu99;
				GCC_DYNAMIC_NO_PIC = NO;
				GCC_NO_COMMON_BLOCKS = YES;
				GCC_OPTIMIZATION_LEVEL = 0;
				GCC_PREPROCESSOR_DEFINITIONS = (
					"DEBUG=1",
					"$(inherited)",
				);
				GCC_WARN_64_TO_32_BIT_CONVERSION = YES;
				GCC_WARN_ABOUT_RETURN_TYPE = YES_ERROR;
				GCC_WARN_UNDECLARED_SELECTOR = YES;
				GCC_WARN_UNINITIALIZED_AUTOS = YES_AGGRESSIVE;
				GCC_WARN_UNUSED_FUNCTION = YES;
				GCC_WARN_UNUSED_VARIABLE = YES;
				IPHONEOS_DEPLOYMENT_TARGET = 10.0;
				MTL_ENABLE_DEBUG_INFO = YES;
				ONLY_ACTIVE_ARCH = YES;
				SDKROOT = iphoneos;
				SWIFT_ACTIVE_COMPILATION_CONDITIONS = DEBUG;
				SWIFT_OPTIMIZATION_LEVEL = "-Onone";
			};
			name = Debug;
		};
		8BC2AD481DB190A8008647D2 /* Release */ = {
			isa = XCBuildConfiguration;
			buildSettings = {
				ALWAYS_SEARCH_USER_PATHS = NO;
				CLANG_ANALYZER_NONNULL = YES;
				CLANG_CXX_LANGUAGE_STANDARD = "gnu++0x";
				CLANG_CXX_LIBRARY = "libc++";
				CLANG_ENABLE_MODULES = YES;
				CLANG_ENABLE_OBJC_ARC = YES;
				CLANG_WARN_BOOL_CONVERSION = YES;
				CLANG_WARN_CONSTANT_CONVERSION = YES;
				CLANG_WARN_DIRECT_OBJC_ISA_USAGE = YES_ERROR;
				CLANG_WARN_DOCUMENTATION_COMMENTS = YES;
				CLANG_WARN_EMPTY_BODY = YES;
				CLANG_WARN_ENUM_CONVERSION = YES;
				CLANG_WARN_INFINITE_RECURSION = YES;
				CLANG_WARN_INT_CONVERSION = YES;
				CLANG_WARN_OBJC_ROOT_CLASS = YES_ERROR;
				CLANG_WARN_SUSPICIOUS_MOVES = YES;
				CLANG_WARN_UNREACHABLE_CODE = YES;
				CLANG_WARN__DUPLICATE_METHOD_MATCH = YES;
				"CODE_SIGN_IDENTITY[sdk=iphoneos*]" = "iPhone Developer";
				COPY_PHASE_STRIP = NO;
				DEBUG_INFORMATION_FORMAT = "dwarf-with-dsym";
				ENABLE_NS_ASSERTIONS = NO;
				ENABLE_STRICT_OBJC_MSGSEND = YES;
				GCC_C_LANGUAGE_STANDARD = gnu99;
				GCC_NO_COMMON_BLOCKS = YES;
				GCC_WARN_64_TO_32_BIT_CONVERSION = YES;
				GCC_WARN_ABOUT_RETURN_TYPE = YES_ERROR;
				GCC_WARN_UNDECLARED_SELECTOR = YES;
				GCC_WARN_UNINITIALIZED_AUTOS = YES_AGGRESSIVE;
				GCC_WARN_UNUSED_FUNCTION = YES;
				GCC_WARN_UNUSED_VARIABLE = YES;
				IPHONEOS_DEPLOYMENT_TARGET = 10.0;
				MTL_ENABLE_DEBUG_INFO = NO;
				SDKROOT = iphoneos;
				SWIFT_OPTIMIZATION_LEVEL = "-Owholemodule";
				VALIDATE_PRODUCT = YES;
			};
			name = Release;
		};
		8BC2AD4A1DB190A8008647D2 /* Debug */ = {
			isa = XCBuildConfiguration;
			buildSettings = {
				ASSETCATALOG_COMPILER_APPICON_NAME = AppIcon;
				INFOPLIST_FILE = "FoursquareAPI Nearest Places/Info.plist";
				LD_RUNPATH_SEARCH_PATHS = "$(inherited) @executable_path/Frameworks";
				PRODUCT_BUNDLE_IDENTIFIER = "Odat.FoursquareAPI-Nearest-Places";
				PRODUCT_NAME = "$(TARGET_NAME)";
				SWIFT_VERSION = 3.0;
			};
			name = Debug;
		};
		8BC2AD4B1DB190A8008647D2 /* Release */ = {
			isa = XCBuildConfiguration;
			buildSettings = {
				ASSETCATALOG_COMPILER_APPICON_NAME = AppIcon;
				INFOPLIST_FILE = "FoursquareAPI Nearest Places/Info.plist";
				LD_RUNPATH_SEARCH_PATHS = "$(inherited) @executable_path/Frameworks";
				PRODUCT_BUNDLE_IDENTIFIER = "Odat.FoursquareAPI-Nearest-Places";
				PRODUCT_NAME = "$(TARGET_NAME)";
				SWIFT_VERSION = 3.0;
			};
			name = Release;
		};
/* End XCBuildConfiguration section */

/* Begin XCConfigurationList section */
		8BC2AD321DB190A8008647D2 /* Build configuration list for PBXProject "FoursquareAPI Nearest Places" */ = {
			isa = XCConfigurationList;
			buildConfigurations = (
				8BC2AD471DB190A8008647D2 /* Debug */,
				8BC2AD481DB190A8008647D2 /* Release */,
			);
			defaultConfigurationIsVisible = 0;
			defaultConfigurationName = Release;
		};
		8BC2AD491DB190A8008647D2 /* Build configuration list for PBXNativeTarget "FoursquareAPI Nearest Places" */ = {
			isa = XCConfigurationList;
			buildConfigurations = (
				8BC2AD4A1DB190A8008647D2 /* Debug */,
				8BC2AD4B1DB190A8008647D2 /* Release */,
			);
			defaultConfigurationIsVisible = 0;
		};
/* End XCConfigurationList section */
	};
	rootObject = 8BC2AD2F1DB190A8008647D2 /* Project object */;
}
